{
  "nodes": {
    "cmp-buffer": {
      "flake": false,
      "locked": {
        "lastModified": 1645413199,
        "narHash": "sha256-itDEtoRvZn1mtLhT9WtqKVXoMRe5Qw0/QUf+TFzGNVk=",
        "owner": "hrsh7th",
        "repo": "cmp-buffer",
        "rev": "d66c4c2d376e5be99db68d2362cd94d250987525",
        "type": "github"
      },
      "original": {
        "owner": "hrsh7th",
        "repo": "cmp-buffer",
        "type": "github"
      }
    },
    "cmp-cmdline": {
      "flake": false,
      "locked": {
        "lastModified": 1651505875,
        "narHash": "sha256-yOxlWzM5u0fZlsQxP4NOo1NTGraGmqH4oAGdA8S1BhI=",
        "owner": "hrsh7th",
        "repo": "cmp-cmdline",
        "rev": "c36ca4bc1dedb12b4ba6546b96c43896fd6e7252",
        "type": "github"
      },
      "original": {
        "owner": "hrsh7th",
        "repo": "cmp-cmdline",
        "type": "github"
      }
    },
    "cmp-luasnip": {
      "flake": false,
      "locked": {
        "lastModified": 1651433493,
        "narHash": "sha256-8ocJY5qeAJXFSuTnavXX6NvZyAB0EEn2Y+amrWp8B1Y=",
        "owner": "saadparwaiz1",
        "repo": "cmp_luasnip",
        "rev": "a9de941bcbda508d0a45d28ae366bb3f08db2e36",
        "type": "github"
      },
      "original": {
        "owner": "saadparwaiz1",
        "repo": "cmp_luasnip",
        "type": "github"
      }
    },
    "cmp-nvim-lsp": {
      "flake": false,
      "locked": {
        "lastModified": 1651412951,
        "narHash": "sha256-bD/NZlqN6Srcq6yXvNA7hlhA6nrvO0D8AYWTg15q70s=",
        "owner": "hrsh7th",
        "repo": "cmp-nvim-lsp",
        "rev": "e6b5feb2e6560b61f31c756fb9231a0d7b10c73d",
        "type": "github"
      },
      "original": {
        "owner": "hrsh7th",
        "repo": "cmp-nvim-lsp",
        "type": "github"
      }
    },
    "cmp-nvim-lsp-document-symbol": {
      "flake": false,
      "locked": {
        "lastModified": 1647917976,
        "narHash": "sha256-NASM5mm4DjLNupVTnhj7rQR8gx0cNrF8vzMg8A1a+co=",
        "owner": "hrsh7th",
        "repo": "cmp-nvim-lsp-document-symbol",
        "rev": "c3f0086ed9882e52e0ae38dd5afa915f69054941",
        "type": "github"
      },
      "original": {
        "owner": "hrsh7th",
        "repo": "cmp-nvim-lsp-document-symbol",
        "type": "github"
      }
    },
    "cmp-nvim-lsp-signature-help": {
      "flake": false,
      "locked": {
        "lastModified": 1648526692,
        "narHash": "sha256-SdB4pjV3om2J6hSBecTLomq7QxguY1mEgSKAWxNXwcw=",
        "owner": "hrsh7th",
        "repo": "cmp-nvim-lsp-signature-help",
        "rev": "8014f6d120f72fe0a135025c4d41e3fe41fd411b",
        "type": "github"
      },
      "original": {
        "owner": "hrsh7th",
        "repo": "cmp-nvim-lsp-signature-help",
        "type": "github"
      }
    },
    "darwin": {
      "inputs": {
        "nixpkgs": [
          "nixpkgs"
        ]
      },
      "locked": {
        "lastModified": 1650976225,
        "narHash": "sha256-PGM65SQHS63Dd5MmLJo3GJsZP9lJVZmpWxluQoG1Dt8=",
        "owner": "LnL7",
        "repo": "nix-darwin",
        "rev": "bb3baef6e115ae47bc2ab4973bd3a486488485b0",
        "type": "github"
      },
      "original": {
        "owner": "LnL7",
        "ref": "master",
        "repo": "nix-darwin",
        "type": "github"
      }
    },
    "devshell": {
      "inputs": {
        "flake-utils": "flake-utils",
        "nixpkgs": "nixpkgs"
      },
      "locked": {
        "lastModified": 1650900878,
        "narHash": "sha256-qhNncMBSa9STnhiLfELEQpYC1L4GrYHNIzyCZ/pilsI=",
        "owner": "numtide",
        "repo": "devshell",
        "rev": "d97df53b5ddaa1cfbea7cddbd207eb2634304733",
        "type": "github"
      },
      "original": {
        "owner": "numtide",
        "repo": "devshell",
        "type": "github"
      }
    },
    "dressing-nvim": {
      "flake": false,
      "locked": {
        "lastModified": 1651438230,
        "narHash": "sha256-3kEo7xa25O21tsPhkG5eO5S3n4b1XtPhVbcaVeWnJdg=",
        "owner": "stevearc",
        "repo": "dressing.nvim",
        "rev": "a476efd3f372d6b5b0df431cac36911fb84c515e",
        "type": "github"
      },
      "original": {
        "owner": "stevearc",
        "repo": "dressing.nvim",
        "type": "github"
      }
    },
    "editorconfig-nvim": {
      "flake": false,
      "locked": {
        "lastModified": 1645113744,
        "narHash": "sha256-Nv9P0viDKd3e5mAEYTj/HrU3yimzQ8x31I2AGqqEANU=",
        "owner": "gpanders",
        "repo": "editorconfig.nvim",
        "rev": "495d3e2f56ee392de0d55902c82849f94b6fc86b",
        "type": "github"
      },
      "original": {
        "owner": "gpanders",
        "repo": "editorconfig.nvim",
        "type": "github"
      }
    },
    "fish-done": {
      "flake": false,
      "locked": {
        "lastModified": 1633849654,
        "narHash": "sha256-6oeyN9ngXWvps1c5QAUjlyPDQwRWAoxBiVTNmZ4sG8E=",
        "owner": "franciscolourenco",
        "repo": "done",
        "rev": "d6abb267bb3fb7e987a9352bc43dcdb67bac9f06",
        "type": "github"
      },
      "original": {
        "owner": "franciscolourenco",
        "repo": "done",
        "type": "github"
      }
    },
    "fish-foreign-env": {
      "flake": false,
      "locked": {
        "lastModified": 1649621402,
        "narHash": "sha256-3h03WQrBZmTXZLkQh1oVyhv6zlyYsSDS7HTHr+7WjY8=",
        "owner": "oh-my-fish",
        "repo": "plugin-foreign-env",
        "rev": "b3dd471bcc885b597c3922e4de836e06415e52dd",
        "type": "github"
      },
      "original": {
        "owner": "oh-my-fish",
        "repo": "plugin-foreign-env",
        "type": "github"
      }
    },
    "fish-fzf": {
      "flake": false,
      "locked": {
        "lastModified": 1620776412,
        "narHash": "sha256-28QW/WTLckR4lEfHv6dSotwkAKpNJFCShxmKFGQQ1Ew=",
        "owner": "jethrokuan",
        "repo": "fzf",
        "rev": "479fa67d7439b23095e01b64987ae79a91a4e283",
        "type": "github"
      },
      "original": {
        "owner": "jethrokuan",
        "repo": "fzf",
        "type": "github"
      }
    },
    "fish-ghq": {
      "flake": false,
      "locked": {
        "lastModified": 1626409029,
        "narHash": "sha256-6b1zmjtemNLNPx4qsXtm27AbtjwIZWkzJAo21/aVZzM=",
        "owner": "decors",
        "repo": "fish-ghq",
        "rev": "cafaaabe63c124bf0714f89ec715cfe9ece87fa2",
        "type": "github"
      },
      "original": {
        "owner": "decors",
        "repo": "fish-ghq",
        "type": "github"
      }
    },
    "flake-compat": {
      "flake": false,
      "locked": {
        "lastModified": 1650374568,
        "narHash": "sha256-Z+s0J8/r907g149rllvwhb4pKi8Wam5ij0st8PwAh+E=",
        "owner": "edolstra",
        "repo": "flake-compat",
        "rev": "b4a34015c698c7793d592d66adbab377907a2be8",
        "type": "github"
      },
      "original": {
        "owner": "edolstra",
        "repo": "flake-compat",
        "type": "github"
      }
    },
    "flake-utils": {
      "locked": {
        "lastModified": 1642700792,
        "narHash": "sha256-XqHrk7hFb+zBvRg6Ghl+AZDq03ov6OshJLiSWOoX5es=",
        "owner": "numtide",
        "repo": "flake-utils",
        "rev": "846b2ae0fc4cc943637d3d1def4454213e203cba",
        "type": "github"
      },
      "original": {
        "owner": "numtide",
        "repo": "flake-utils",
        "type": "github"
      }
    },
    "flake-utils-plus": {
      "inputs": {
        "flake-utils": [
          "flake-utils"
        ]
      },
      "locked": {
        "lastModified": 1647259887,
        "narHash": "sha256-yEkMbEHVO9qydluQ3uHGWX1PkfZhgDKxnd1rhZYZ72w=",
        "owner": "gytis-ivaskevicius",
        "repo": "flake-utils-plus",
        "rev": "06dba5f3b4fa2cc0bfc98ce9cd6f9a4d8db11d46",
        "type": "github"
      },
      "original": {
        "owner": "gytis-ivaskevicius",
        "repo": "flake-utils-plus",
        "type": "github"
      }
    },
    "flake-utils_2": {
      "locked": {
        "lastModified": 1649676176,
        "narHash": "sha256-OWKJratjt2RW151VUlJPRALb7OU2S5s+f0vLj4o1bHM=",
        "owner": "numtide",
        "repo": "flake-utils",
        "rev": "a4b154ebbdc88c8498a5c7b01589addc9e9cb678",
        "type": "github"
      },
      "original": {
        "owner": "numtide",
        "repo": "flake-utils",
        "type": "github"
      }
    },
    "flake-utils_3": {
      "locked": {
        "lastModified": 1649676176,
        "narHash": "sha256-OWKJratjt2RW151VUlJPRALb7OU2S5s+f0vLj4o1bHM=",
        "owner": "numtide",
        "repo": "flake-utils",
        "rev": "a4b154ebbdc88c8498a5c7b01589addc9e9cb678",
        "type": "github"
      },
      "original": {
        "owner": "numtide",
        "repo": "flake-utils",
        "type": "github"
      }
    },
    "gitsigns-nvim": {
      "flake": false,
      "locked": {
        "lastModified": 1651753061,
        "narHash": "sha256-a3+DaqE5cCI6o3PWi79N6Da34lzkknsqNfRtj/H7qYI=",
        "owner": "lewis6991",
        "repo": "gitsigns.nvim",
        "rev": "0beb1941641bd7d5d7072d3612ee47c0eb80b63d",
        "type": "github"
      },
      "original": {
        "owner": "lewis6991",
        "repo": "gitsigns.nvim",
        "type": "github"
      }
    },
    "home-manager": {
      "inputs": {
        "nixpkgs": [
          "nixpkgs"
        ]
      },
      "locked": {
        "lastModified": 1651800560,
        "narHash": "sha256-LUfR0/Fv8DA0uu8Uex2S1QcLiE4B5ylplbXmMs6/YoM=",
        "owner": "nix-community",
        "repo": "home-manager",
        "rev": "538343be863cb0b9e9f1471e6dc09e0e140c7b3d",
        "type": "github"
      },
      "original": {
        "owner": "nix-community",
        "repo": "home-manager",
        "type": "github"
      }
    },
    "impatient-nvim": {
      "flake": false,
      "locked": {
        "lastModified": 1648714532,
        "narHash": "sha256-F7axsGpZoSREVu6BqXSWsvemN5pUe6e5cIFG3DQO/xk=",
        "owner": "lewis6991",
        "repo": "impatient.nvim",
        "rev": "2337df7d778e17a58d8709f651653b9039946d8d",
        "type": "github"
      },
      "original": {
        "owner": "lewis6991",
        "repo": "impatient.nvim",
        "type": "github"
      }
    },
    "legendary-nvim": {
      "flake": false,
      "locked": {
        "lastModified": 1651235019,
        "narHash": "sha256-7Qe11wYOuyGmPuVrBAwA4NvhJPi5y89Vx/ohAxIGQA4=",
        "owner": "mrjones2014",
        "repo": "legendary.nvim",
        "rev": "1722613c239b29fcffa17f103a004baa79993dcd",
        "type": "github"
      },
      "original": {
        "owner": "mrjones2014",
        "repo": "legendary.nvim",
        "type": "github"
      }
    },
    "lsp-format-nvim": {
      "flake": false,
      "locked": {
        "lastModified": 1650857878,
        "narHash": "sha256-LSmhW2gj+3W4KiFmqw2qrEyzVwugcRmTd/qPRZwRiQU=",
        "owner": "lukas-reineke",
        "repo": "lsp-format.nvim",
        "rev": "204e6995c20bcc022d05539e00a0484c81ce09e4",
        "type": "github"
      },
      "original": {
        "owner": "lukas-reineke",
        "repo": "lsp-format.nvim",
        "type": "github"
      }
    },
    "lspkind-nvim": {
      "flake": false,
      "locked": {
        "lastModified": 1650298271,
        "narHash": "sha256-0103K5lnzWCyuT/qwiBUo5PJ7lUX7fo+zNeEnQClI7A=",
        "owner": "onsails",
        "repo": "lspkind-nvim",
        "rev": "57e5b5dfbe991151b07d272a06e365a77cc3d0e7",
        "type": "github"
      },
      "original": {
        "owner": "onsails",
        "repo": "lspkind-nvim",
        "type": "github"
      }
    },
    "lspsaga-nvim": {
      "flake": false,
      "locked": {
        "lastModified": 1651778573,
        "narHash": "sha256-h8h5lpwQJyvTZZJ2GNIil5JX5D5e8J5ziHOUnqKskZU=",
        "owner": "tami5",
        "repo": "lspsaga.nvim",
        "rev": "8dde091a61ab07f639baaa82b456d3508d0aa7e8",
        "type": "github"
      },
      "original": {
        "owner": "tami5",
        "repo": "lspsaga.nvim",
        "type": "github"
      }
    },
    "lualine-nvim": {
      "flake": false,
      "locked": {
        "lastModified": 1651457787,
        "narHash": "sha256-TaRC7Pj9g0nD+kk7VrySulR20GolXtR/roUnA3FM144=",
        "owner": "nvim-lualine",
        "repo": "lualine.nvim",
        "rev": "45d07fc026400c211337a7ce1cb90e7b7a397e31",
        "type": "github"
      },
      "original": {
        "owner": "nvim-lualine",
        "repo": "lualine.nvim",
        "type": "github"
      }
    },
    "luasnip": {
      "flake": false,
      "locked": {
        "lastModified": 1651779399,
        "narHash": "sha256-zL4KalIa+nbpOqlV+RZsAjtjpCNJf6F9ovIk4AFCLc4=",
        "owner": "L3MON4D3",
        "repo": "LuaSnip",
        "rev": "cc0086390c6cd2eaebae1834b115c891649ec95f",
        "type": "github"
      },
      "original": {
        "owner": "L3MON4D3",
        "repo": "LuaSnip",
        "type": "github"
      }
    },
    "nightfox-nvim": {
      "flake": false,
      "locked": {
        "lastModified": 1651583964,
        "narHash": "sha256-lmvGrlpKqIRPV2n5cg/reu1mJtqvmS/DWJUZS+xgWAA=",
        "owner": "EdenEast",
        "repo": "nightfox.nvim",
        "rev": "55bb3ba6e02f7cd6047158f6f623655384d0390c",
        "type": "github"
      },
      "original": {
        "owner": "EdenEast",
        "repo": "nightfox.nvim",
        "type": "github"
      }
    },
    "nixlib": {
      "locked": {
        "lastModified": 1636849918,
        "narHash": "sha256-nzUK6dPcTmNVrgTAC1EOybSMsrcx+QrVPyqRdyKLkjA=",
        "owner": "nix-community",
        "repo": "nixpkgs.lib",
        "rev": "28a5b0557f14124608db68d3ee1f77e9329e9dd5",
        "type": "github"
      },
      "original": {
        "owner": "nix-community",
        "repo": "nixpkgs.lib",
        "type": "github"
      }
    },
    "nixos-generators": {
      "inputs": {
        "nixlib": "nixlib",
        "nixpkgs": [
          "nixpkgs"
        ]
      },
      "locked": {
        "lastModified": 1650997411,
        "narHash": "sha256-r4a3qsSv5UTtx+pxTUEdOphBkwTx1+AAVog3c457A0M=",
        "owner": "nix-community",
        "repo": "nixos-generators",
        "rev": "3cdf22c79bc80910e2b610cd59fcb8408354ddbc",
        "type": "github"
      },
      "original": {
        "owner": "nix-community",
        "repo": "nixos-generators",
        "type": "github"
      }
    },
    "nixpkgs": {
      "locked": {
        "lastModified": 1643381941,
        "narHash": "sha256-pHTwvnN4tTsEKkWlXQ8JMY423epos8wUOhthpwJjtpc=",
        "owner": "NixOS",
        "repo": "nixpkgs",
        "rev": "5efc8ca954272c4376ac929f4c5ffefcc20551d5",
        "type": "github"
      },
      "original": {
        "owner": "NixOS",
        "ref": "nixpkgs-unstable",
        "repo": "nixpkgs",
        "type": "github"
      }
    },
    "nixpkgs_2": {
      "locked": {
        "lastModified": 1651726670,
        "narHash": "sha256-dSGdzB49SEvdOJvrQWfQYkAefewXraHIV08Vz6iDXWQ=",
        "owner": "nixos",
        "repo": "nixpkgs",
        "rev": "c777cdf5c564015d5f63b09cc93bef4178b19b01",
        "type": "github"
      },
      "original": {
        "owner": "nixos",
        "ref": "nixos-unstable",
        "repo": "nixpkgs",
        "type": "github"
      }
    },
    "nixpkgs_3": {
      "locked": {
        "lastModified": 1651827164,
        "narHash": "sha256-w1niZCq4rhXX+23xLvrA5KR9OqT/72e5Mx/pfz/bZYU=",
        "owner": "NixOS",
        "repo": "nixpkgs",
        "rev": "98000933d72a97632caf0db0027ea3eb2e5e7f29",
        "type": "github"
      },
      "original": {
        "owner": "NixOS",
        "repo": "nixpkgs",
        "type": "github"
      }
    },
    "nixpkgs_4": {
      "locked": {
        "lastModified": 1638097282,
        "narHash": "sha256-EXCzj9b8X/lqDPJapxZThIOKL5ASbpsJZ+8L1LnY1ig=",
        "owner": "NixOS",
        "repo": "nixpkgs",
        "rev": "78cb77b29d37a9663e05b61abb4fa09465da4b70",
        "type": "github"
      },
      "original": {
        "owner": "NixOS",
        "ref": "nixpkgs-unstable",
        "repo": "nixpkgs",
        "type": "github"
      }
    },
    "nvim-cmp": {
      "flake": false,
      "locked": {
        "lastModified": 1651675919,
        "narHash": "sha256-Fr5ZrcbDQU/fLcV3qvhud4UzaUBm56Jh+HgWEPzsDCw=",
        "owner": "hrsh7th",
        "repo": "nvim-cmp",
        "rev": "f81bfee10909e39c82ccd230f6f997438b16092e",
        "type": "github"
      },
      "original": {
        "owner": "hrsh7th",
        "repo": "nvim-cmp",
        "type": "github"
      }
    },
    "nvim-gps": {
      "flake": false,
      "locked": {
        "lastModified": 1651286740,
        "narHash": "sha256-RDIJNgPSDqGFbhAtB0Apo+rUyYMwvknPE02psuhIQ1g=",
        "owner": "SmiteshP",
        "repo": "nvim-gps",
        "rev": "9552418fcbb9587025f4bd38364259b3888f582b",
        "type": "github"
      },
      "original": {
        "owner": "SmiteshP",
        "repo": "nvim-gps",
        "type": "github"
      }
    },
    "nvim-lspconfig": {
      "flake": false,
      "locked": {
        "lastModified": 1651771952,
        "narHash": "sha256-3vKObD6ini+x9bXrpKZi1pBrhvUps+fJ1p2O5K1oidg=",
        "owner": "neovim",
        "repo": "nvim-lspconfig",
        "rev": "2f37b2ca07a3f89e7994b3b7f54c997e2cb3400a",
        "type": "github"
      },
      "original": {
        "owner": "neovim",
        "repo": "nvim-lspconfig",
        "type": "github"
      }
    },
    "nvim-notify": {
      "flake": false,
      "locked": {
        "lastModified": 1651646011,
        "narHash": "sha256-Os9SO6UvihgKjYdX6Mi00t/ndNfyV3H6WcoZG++MFkQ=",
        "owner": "rcarriga",
        "repo": "nvim-notify",
        "rev": "d4a01eedeb2e6c3d453f3aa0f1b303dd8611dc71",
        "type": "github"
      },
      "original": {
        "owner": "rcarriga",
        "repo": "nvim-notify",
        "type": "github"
      }
    },
    "nvim-treesitter-context": {
      "flake": false,
      "locked": {
        "lastModified": 1642022511,
        "narHash": "sha256-OHDdl5PdTQ/M2sOrZ5C4JUG9FcAy0cTtWu56qyPbe4Q=",
        "owner": "romgrk",
        "repo": "nvim-treesitter-context",
        "rev": "b7d7aba81683c1cd76141e090ff335bb55332cba",
        "type": "github"
      },
      "original": {
        "owner": "romgrk",
        "repo": "nvim-treesitter-context",
        "type": "github"
      }
    },
    "nvim-web-devicons": {
      "flake": false,
      "locked": {
        "lastModified": 1651408174,
        "narHash": "sha256-hYFDefTMcdtoQLhwUaamyGuid69kUo+95P1wjoS2dmo=",
        "owner": "kyazdani42",
        "repo": "nvim-web-devicons",
        "rev": "bdd43421437f2ef037e0dafeaaaa62b31d35ef2f",
        "type": "github"
      },
      "original": {
        "owner": "kyazdani42",
        "repo": "nvim-web-devicons",
        "type": "github"
      }
    },
    "plenary-nvim": {
      "flake": false,
      "locked": {
        "lastModified": 1650205145,
        "narHash": "sha256-QKVFz95XaJrwkFaWqUHBirMFagellRn2YpNYnBeI/10=",
        "owner": "nvim-lua",
        "repo": "plenary.nvim",
        "rev": "9069d14a120cadb4f6825f76821533f2babcab92",
        "type": "github"
      },
      "original": {
        "owner": "nvim-lua",
        "repo": "plenary.nvim",
        "type": "github"
      }
    },
    "poetry2nix": {
      "inputs": {
        "flake-utils": "flake-utils_3",
        "nixpkgs": "nixpkgs_3"
      },
      "locked": {
        "lastModified": 1651727833,
        "narHash": "sha256-J1FfipZyGp4OUvLBLcwO9UiQCf3wxRageArA/rI/rYw=",
        "owner": "nix-community",
        "repo": "poetry2nix",
        "rev": "9927a08fd9537e86a7769b00ab7c231066ae1fb3",
        "type": "github"
      },
      "original": {
        "owner": "nix-community",
        "repo": "poetry2nix",
        "type": "github"
      }
    },
    "popup-nvim": {
      "flake": false,
      "locked": {
        "lastModified": 1637254091,
        "narHash": "sha256-dNWz/xovUg55fDZUpVs/2kLphk3lqQyvPtc9ATwbeSQ=",
        "owner": "nvim-lua",
        "repo": "popup.nvim",
        "rev": "b7404d35d5d3548a82149238289fa71f7f6de4ac",
        "type": "github"
      },
      "original": {
        "owner": "nvim-lua",
        "repo": "popup.nvim",
        "type": "github"
      }
    },
    "root": {
      "inputs": {
        "cmp-buffer": "cmp-buffer",
        "cmp-cmdline": "cmp-cmdline",
        "cmp-luasnip": "cmp-luasnip",
        "cmp-nvim-lsp": "cmp-nvim-lsp",
        "cmp-nvim-lsp-document-symbol": "cmp-nvim-lsp-document-symbol",
        "cmp-nvim-lsp-signature-help": "cmp-nvim-lsp-signature-help",
        "darwin": "darwin",
        "devshell": "devshell",
        "dressing-nvim": "dressing-nvim",
        "editorconfig-nvim": "editorconfig-nvim",
        "fish-done": "fish-done",
        "fish-foreign-env": "fish-foreign-env",
        "fish-fzf": "fish-fzf",
        "fish-ghq": "fish-ghq",
        "flake-compat": "flake-compat",
        "flake-utils": "flake-utils_2",
        "flake-utils-plus": "flake-utils-plus",
        "gitsigns-nvim": "gitsigns-nvim",
        "home-manager": "home-manager",
        "impatient-nvim": "impatient-nvim",
        "legendary-nvim": "legendary-nvim",
        "lsp-format-nvim": "lsp-format-nvim",
        "lspkind-nvim": "lspkind-nvim",
        "lspsaga-nvim": "lspsaga-nvim",
        "lualine-nvim": "lualine-nvim",
        "luasnip": "luasnip",
        "nightfox-nvim": "nightfox-nvim",
        "nixos-generators": "nixos-generators",
        "nixpkgs": "nixpkgs_2",
        "nvim-cmp": "nvim-cmp",
        "nvim-gps": "nvim-gps",
        "nvim-lspconfig": "nvim-lspconfig",
        "nvim-notify": "nvim-notify",
        "nvim-treesitter-context": "nvim-treesitter-context",
        "nvim-web-devicons": "nvim-web-devicons",
        "plenary-nvim": "plenary-nvim",
        "poetry2nix": "poetry2nix",
        "popup-nvim": "popup-nvim",
        "sops-nix": "sops-nix",
        "telescope-fzf-native-nvim": "telescope-fzf-native-nvim",
        "telescope-ghq-nvim": "telescope-ghq-nvim",
        "telescope-nvim": "telescope-nvim",
        "vim-edgemotion": "vim-edgemotion",
        "vim-polyglot": "vim-polyglot"
      }
    },
    "sops-nix": {
      "inputs": {
        "nixpkgs": "nixpkgs_4"
      },
      "locked": {
        "lastModified": 1649756291,
        "narHash": "sha256-KTll8bCINAzIUGaaMrbn9wb5nfhkXRLgmFrWGR/Dku0=",
        "owner": "Mic92",
        "repo": "sops-nix",
        "rev": "c2614c4fe61943b3d280ac1892fcebe6e8eaf8c8",
        "type": "github"
      },
      "original": {
        "owner": "Mic92",
        "repo": "sops-nix",
        "type": "github"
      }
    },
    "telescope-fzf-native-nvim": {
      "flake": false,
      "locked": {
        "lastModified": 1651337964,
        "narHash": "sha256-qFEBN0B0uluZLZt9uu9MO9x2JUD0YONR7+qdmQyTmUI=",
        "owner": "nvim-telescope",
        "repo": "telescope-fzf-native.nvim",
        "rev": "281b07a5cba2dc255e2a35d3fa6e49af0c8cb37f",
        "type": "github"
      },
      "original": {
        "owner": "nvim-telescope",
        "repo": "telescope-fzf-native.nvim",
        "type": "github"
      }
    },
    "telescope-ghq-nvim": {
      "flake": false,
      "locked": {
        "lastModified": 1638784863,
        "narHash": "sha256-Uct+2jg9qZD7V3eSnICLNu2jpaQLc3ugW8qunPiAynM=",
        "owner": "nvim-telescope",
        "repo": "telescope-ghq.nvim",
        "rev": "dc1022f91100ca06c9c7bd645f08e2bf985ad283",
        "type": "github"
      },
      "original": {
        "owner": "nvim-telescope",
        "repo": "telescope-ghq.nvim",
        "type": "github"
      }
    },
    "telescope-nvim": {
      "flake": false,
      "locked": {
        "lastModified": 1651737937,
        "narHash": "sha256-8wk7Yz7oNkgTwYEQmqa3S9waIPhFGJLWjS8zVIK2QtE=",
        "owner": "nvim-telescope",
        "repo": "telescope.nvim",
        "rev": "4681dcdffe20e1f23b6b9ccf28836537ed166c47",
        "type": "github"
      },
      "original": {
        "owner": "nvim-telescope",
        "repo": "telescope.nvim",
        "type": "github"
      }
    },
    "vim-edgemotion": {
      "flake": false,
      "locked": {
        "lastModified": 1514259000,
        "narHash": "sha256-CFDU+q1CLbKgCwed5Qx728olgTpCTpYDzz6LefjEdvA=",
        "owner": "haya14busa",
        "repo": "vim-edgemotion",
        "rev": "8d16bd92f6203dfe44157d43be7880f34fd5c060",
        "type": "github"
      },
      "original": {
        "owner": "haya14busa",
        "repo": "vim-edgemotion",
        "type": "github"
      }
    },
    "vim-polyglot": {
      "flake": false,
      "locked": {
        "lastModified": 1651324053,
        "narHash": "sha256-yZQlexgkWXBD6q/MQlMSqZZGDh9XtEHLA5pbKt1wX5c=",
        "owner": "sheerun",
        "repo": "vim-polyglot",
        "rev": "38282d58387cff48ac203f6912c05e4c8686141b",
        "type": "github"
      },
      "original": {
        "owner": "sheerun",
        "repo": "vim-polyglot",
        "type": "github"
      }
    }
  },
  "root": "root",
  "version": 7
}
